
Microsoft Visual Studio Solution File, Format Version 12.00
# Visual Studio Version 17
VisualStudioVersion = 17.5.002.0
MinimumVisualStudioVersion = 10.0.40219.1
Project("{9A19103F-16F7-4668-BE54-9A1E7A4F7556}") = "LWCCWebsite.Core", "LWCCWebsite.Core.csproj", "{160D131D-4876-4A55-A33D-33E03429D33E}"
EndProject
Global
	GlobalSection(SolutionConfigurationPlatforms) = preSolution
		Debug|Any CPU = Debug|Any CPU
		Release|Any CPU = Release|Any CPU
	EndGlobalSection
	GlobalSection(ProjectConfigurationPlatforms) = postSolution
		{160D131D-4876-4A55-A33D-33E03429D33E}.Debug|Any CPU.ActiveCfg = Debug|Any CPU
		{160D131D-4876-4A55-A33D-33E03429D33E}.Debug|Any CPU.Build.0 = Debug|Any CPU
		{160D131D-4876-4A55-A33D-33E03429D33E}.Release|Any CPU.ActiveCfg = Release|Any CPU
		{160D131D-4876-4A55-A33D-33E03429D33E}.Release|Any CPU.Build.0 = Release|Any CPU
	EndGlobalSection
	GlobalSection(SolutionProperties) = preSolution
		HideSolutionNode = FALSE
	EndGlobalSection
	GlobalSection(ExtensibilityGlobals) = postSolution
		SolutionGuid = {544A7B10-4527-464B-8270-F79F07679E04}
	EndGlobalSection
EndGlobal
